
Microsoft Visual Studio Solution File, Format Version 12.00
# Visual Studio Version 17
VisualStudioVersion = 17.9.34607.119
MinimumVisualStudioVersion = 10.0.40219.1
Project("{FAE04EC0-301F-11D3-BF4B-00C04F79EFBC}") = "ADONET_hw_6", "ADONET_hw_6\ADONET_hw_6.csproj", "{05A61E1B-BF00-405C-AEBD-D3AC462D2901}"
EndProject
Project("{FAE04EC0-301F-11D3-BF4B-00C04F79EFBC}") = "WalletLib", "Wallet\WalletLib.csproj", "{948ECC74-4201-4737-A394-DC119C9387C0}"
EndProject
Global
	GlobalSection(SolutionConfigurationPlatforms) = preSolution
		Debug|Any CPU = Debug|Any CPU
		Release|Any CPU = Release|Any CPU
	EndGlobalSection
	GlobalSection(ProjectConfigurationPlatforms) = postSolution
		{05A61E1B-BF00-405C-AEBD-D3AC462D2901}.Debug|Any CPU.ActiveCfg = Debug|Any CPU
		{05A61E1B-BF00-405C-AEBD-D3AC462D2901}.Debug|Any CPU.Build.0 = Debug|Any CPU
		{05A61E1B-BF00-405C-AEBD-D3AC462D2901}.Release|Any CPU.ActiveCfg = Release|Any CPU
		{05A61E1B-BF00-405C-AEBD-D3AC462D2901}.Release|Any CPU.Build.0 = Release|Any CPU
		{948ECC74-4201-4737-A394-DC119C9387C0}.Debug|Any CPU.ActiveCfg = Debug|Any CPU
		{948ECC74-4201-4737-A394-DC119C9387C0}.Debug|Any CPU.Build.0 = Debug|Any CPU
		{948ECC74-4201-4737-A394-DC119C9387C0}.Release|Any CPU.ActiveCfg = Release|Any CPU
		{948ECC74-4201-4737-A394-DC119C9387C0}.Release|Any CPU.Build.0 = Release|Any CPU
	EndGlobalSection
	GlobalSection(SolutionProperties) = preSolution
		HideSolutionNode = FALSE
	EndGlobalSection
	GlobalSection(ExtensibilityGlobals) = postSolution
		SolutionGuid = {DE74A15C-7D39-47AA-800C-9A4352228A6A}
	EndGlobalSection
EndGlobal
